github.com/tinywasm/fmt v0.18.4 h1:rzc+IPMHXDRXLPY0LrQSQWZW9gQwu6W5ii4pIPSncqI=
github.com/tinywasm/fmt v0.18.4/go.mod h1:L2GCAi6asgytPV6TVvGrRq5Ml+DkUt1Ijo5i/2J1jOY=
github.com/tinywasm/mcp v0.0.0-20260222182815-eed752284ce7 h1:0Ak90s0ReKulaek77EaDZWpJRmx5F6qx8V5M4SuTVh0=
github.com/tinywasm/mcp v0.0.0-20260222182815-eed752284ce7/go.mod h1:k5KCsLlUZBazx3MxsuOlOecwNfVFGLl+PAtvE+N39OU=
github.com/tinywasm/mcpserve v0.0.26 h1:UCHzCYpQdVMx0Y6n/R+rZ13NDZ9pMOOI4HMP17x2kN4=
github.com/tinywasm/mcpserve v0.0.26/go.mod h1:glmUk0ivhmCpbrrv3QA+JUPYGlnhSpyJ+6NWtLZsMnk=
github.com/tinywasm/screenshot v0.0.1 h1:QKRkjU6NFeurYYAqGFL6Eyi3rTt4lbyJTGNQ17d7Zjg=
github.com/tinywasm/screenshot v0.0.1/go.mod h1:EC/RxJDtjMhks4kiurJp5Ns6Z0Bia4RnS6d+9Ci6Gko=
github.com/tinywasm/sse v0.0.11 h1:LM1r1yMR5JC+OMkPpP7Whnzhftl4p3IgWeSGzbN6cwM=
github.com/tinywasm/sse v0.0.11/go.mod h1:srTHTLi+j2PEkqaKqjcJ2tTkHVhY4wpUDkCx/G/Ajdw=
